version = 1
revision = 3
requires-python = "==3.12.*"

[[package]]
name = "cloudpickle"
version = "3.1.2"
source = { registry = "https://pypi.org/simple" }
sdist = { url = "https://files.pythonhosted.org/packages/27/fb/576f067976d320f5f0114a8d9fa1215425441bb35627b1993e5afd8111e5/cloudpickle-3.1.2.tar.gz", hash = "sha256:7fda9eb655c9c230dab534f1983763de5835249750e85fbcef43aaa30a9a2414", size = 22330, upload-time = "2025-11-03T09:25:26.604Z" }
wheels = [
    { url = "https://files.pythonhosted.org/packages/88/39/799be3f2f0f38cc727ee3b4f1445fe6d5e4133064ec2e4115069418a5bb6/cloudpickle-3.1.2-py3-none-any.whl", hash = "sha256:9acb47f6afd73f60dc1df93bb801b472f05ff42fa6c84167d25cb206be1fbf4a", size = 22228, upload-time = "2025-11-03T09:25:25.534Z" },
]

[[package]]
name = "farama-notifications"
version = "0.0.6"
source = { registry = "https://pypi.org/simple" }
sdist = { url = "https://files.pythonhosted.org/packages/ec/91/14397890dde30adc4bee6462158933806207bc5dd10d7b4d09d5c33845cf/farama_notifications-0.0.6.tar.gz", hash = "sha256:b19acac4bb41d76e59e03394b5dd165f4761c86fa327f56307a35cbee3b60158", size = 2517, upload-time = "2026-04-24T08:43:57.603Z" }
wheels = [
    { url = "https://files.pythonhosted.org/packages/7c/f0/21f81892e4ed10f4ec3ef2e7cf8635fb76e7c0907c55d0da66be50094760/farama_notifications-0.0.6-py3-none-any.whl", hash = "sha256:f84839188efa1ce5bb361c2a84881b2dc2c0d0d7fb661ff00421820170930935", size = 2897, upload-time = "2026-04-24T08:43:56.785Z" },
]

[[package]]
name = "gym"
version = "0.26.2"
source = { registry = "https://pypi.org/simple" }
dependencies = [
    { name = "cloudpickle" },
    { name = "gym-notices" },
    { name = "numpy" },
]
sdist = { url = "https://files.pythonhosted.org/packages/ab/b1/eb05a423eb801ab7d0715d6a3b28d92589e30b437052553df19ca2087240/gym-0.26.2.tar.gz", hash = "sha256:e0d882f4b54f0c65f203104c24ab8a38b039f1289986803c7d02cdbe214fbcc4", size = 721689, upload-time = "2022-10-04T23:57:43.247Z" }

[[package]]
name = "gym-notices"
version = "0.1.0"
source = { registry = "https://pypi.org/simple" }
sdist = { url = "https://files.pythonhosted.org/packages/a2/4d/035922b950b224ee4b65a9a4550a22eac8985a3f0e1ef42546d9047e7a72/gym_notices-0.1.0.tar.gz", hash = "sha256:9f9477ef68a8c15e42625d4fa53631237e3e6ae947f325b5c149c081499adc1b", size = 3084, upload-time = "2025-07-27T10:12:41.534Z" }
wheels = [
    { url = "https://files.pythonhosted.org/packages/41/55/55d157aa8693090954fc9639bf27218240517c3bc7afa6e97412da6ebfd9/gym_notices-0.1.0-py3-none-any.whl", hash = "sha256:a943af4446cb619d04fd1e470b9272b4473e08a06d1c7cc9005755a4a0b8c905", size = 3349, upload-time = "2025-07-27T10:12:40.039Z" },
]

[[package]]
name = "gymnasium"
version = "0.28.1"
source = { registry = "https://pypi.org/simple" }
dependencies = [
    { name = "cloudpickle" },
    { name = "farama-notifications" },
    { name = "jax-jumpy" },
    { name = "numpy" },
    { name = "typing-extensions" },
]
sdist = { url = "https://files.pythonhosted.org/packages/58/6a/c304954dc009648a21db245a8f56f63c8da8a025d446dd0fd67319726003/gymnasium-0.28.1.tar.gz", hash = "sha256:4c2c745808792c8f45c6e88ad0a5504774394e0c126f6e3db555e720d3da6f24", size = 796462, upload-time = "2023-03-25T12:02:00.613Z" }
wheels = [
    { url = "https://files.pythonhosted.org/packages/60/82/3762ef4555791a729ae554e13c011efe5e8347d7eba9ea5ed245a8d1b234/gymnasium-0.28.1-py3-none-any.whl", hash = "sha256:7bc9a5bce1022f997d1dbc152fc91d1ac977bad9cc7794cdc25437010867cabf", size = 925534, upload-time = "2023-03-25T12:01:58.35Z" },
]

[[package]]
name = "jax-jumpy"
version = "1.0.0"
source = { registry = "https://pypi.org/simple" }
dependencies = [
    { name = "numpy" },
]
sdist = { url = "https://files.pythonhosted.org/packages/52/6a/b6affff68f172a4c8316d9ab9b7d952e865df15b854f158690991864e0fe/jax-jumpy-1.0.0.tar.gz", hash = "sha256:195fb955cc4c2b7f0b1453e3cb1fb1c414a51a407ffac7a51e69a73cb30d59ad", size = 19417, upload-time = "2023-03-17T16:52:56.598Z" }
wheels = [
    { url = "https://files.pythonhosted.org/packages/73/23/338caee543d80584916da20f018aeb017764509d964fd347b97f41f97baa/jax_jumpy-1.0.0-py3-none-any.whl", hash = "sha256:ab7e01454bba462de3c4d098e3e585c302a8f06bc36d9182ab4e7e4aa7067c5e", size = 20368, upload-time = "2023-03-17T16:52:55.437Z" },
]

[[package]]
name = "markdown-it-py"
version = "4.2.0"
source = { registry = "https://pypi.org/simple" }
dependencies = [
    { name = "mdurl" },
]
sdist = { url = "https://files.pythonhosted.org/packages/06/ff/7841249c247aa650a76b9ee4bbaeae59370dc8bfd2f6c01f3630c35eb134/markdown_it_py-4.2.0.tar.gz", hash = "sha256:04a21681d6fbb623de53f6f364d352309d4094dd4194040a10fd51833e418d49", size = 82454, upload-time = "2026-05-07T12:08:28.36Z" }
wheels = [
    { url = "https://files.pythonhosted.org/packages/b3/81/4da04ced5a082363ecfa159c010d200ecbd959ae410c10c0264a38cac0f5/markdown_it_py-4.2.0-py3-none-any.whl", hash = "sha256:9f7ebbcd14fe59494226453aed97c1070d83f8d24b6fc3a3bcf9a38092641c4a", size = 91687, upload-time = "2026-05-07T12:08:27.182Z" },
]

[[package]]
name = "mdurl"
version = "0.1.2"
source = { registry = "https://pypi.org/simple" }
sdist = { url = "https://files.pythonhosted.org/packages/d6/54/cfe61301667036ec958cb99bd3efefba235e65cdeb9c84d24a8293ba1d90/mdurl-0.1.2.tar.gz", hash = "sha256:bb413d29f5eea38f31dd4754dd7377d4465116fb207585f97bf925588687c1ba", size = 8729, upload-time = "2022-08-14T12:40:10.846Z" }
wheels = [
    { url = "https://files.pythonhosted.org/packages/b3/38/89ba8ad64ae25be8de66a6d463314cf1eb366222074cfda9ee839c56a4b4/mdurl-0.1.2-py3-none-any.whl", hash = "sha256:84008a41e51615a49fc9966191ff91509e3c40b939176e643fd50a5c2196b8f8", size = 9979, upload-time = "2022-08-14T12:40:09.779Z" },
]

[[package]]
name = "networkx"
version = "3.2.1"
source = { registry = "https://pypi.org/simple" }
sdist = { url = "https://files.pythonhosted.org/packages/c4/80/a84676339aaae2f1cfdf9f418701dd634aef9cc76f708ef55c36ff39c3ca/networkx-3.2.1.tar.gz", hash = "sha256:9f1bb5cf3409bf324e0a722c20bdb4c20ee39bf1c30ce8ae499c8502b0b5e0c6", size = 2073928, upload-time = "2023-10-28T08:41:39.364Z" }
wheels = [
    { url = "https://files.pythonhosted.org/packages/d5/f0/8fbc882ca80cf077f1b246c0e3c3465f7f415439bdea6b899f6b19f61f70/networkx-3.2.1-py3-none-any.whl", hash = "sha256:f18c69adc97877c42332c170849c96cefa91881c99a7cb3e95b7c659ebdc1ec2", size = 1647772, upload-time = "2023-10-28T08:41:36.945Z" },
]

[[package]]
name = "numpy"
version = "1.26.4"
source = { registry = "https://pypi.org/simple" }
sdist = { url = "https://files.pythonhosted.org/packages/65/6e/09db70a523a96d25e115e71cc56a6f9031e7b8cd166c1ac8438307c14058/numpy-1.26.4.tar.gz", hash = "sha256:2a02aba9ed12e4ac4eb3ea9421c420301a0c6460d9830d74a9df87efa4912010", size = 15786129, upload-time = "2024-02-06T00:26:44.495Z" }
wheels = [
    { url = "https://files.pythonhosted.org/packages/95/12/8f2020a8e8b8383ac0177dc9570aad031a3beb12e38847f7129bacd96228/numpy-1.26.4-cp312-cp312-macosx_10_9_x86_64.whl", hash = "sha256:b3ce300f3644fb06443ee2222c2201dd3a89ea6040541412b8fa189341847218", size = 20335901, upload-time = "2024-02-05T23:55:32.801Z" },
    { url = "https://files.pythonhosted.org/packages/75/5b/ca6c8bd14007e5ca171c7c03102d17b4f4e0ceb53957e8c44343a9546dcc/numpy-1.26.4-cp312-cp312-macosx_11_0_arm64.whl", hash = "sha256:03a8c78d01d9781b28a6989f6fa1bb2c4f2d51201cf99d3dd875df6fbd96b23b", size = 13685868, upload-time = "2024-02-05T23:55:56.28Z" },
    { url = "https://files.pythonhosted.org/packages/79/f8/97f10e6755e2a7d027ca783f63044d5b1bc1ae7acb12afe6a9b4286eac17/numpy-1.26.4-cp312-cp312-manylinux_2_17_aarch64.manylinux2014_aarch64.whl", hash = "sha256:9fad7dcb1aac3c7f0584a5a8133e3a43eeb2fe127f47e3632d43d677c66c102b", size = 13925109, upload-time = "2024-02-05T23:56:20.368Z" },
    { url = "https://files.pythonhosted.org/packages/0f/50/de23fde84e45f5c4fda2488c759b69990fd4512387a8632860f3ac9cd225/numpy-1.26.4-cp312-cp312-manylinux_2_17_x86_64.manylinux2014_x86_64.whl", hash = "sha256:675d61ffbfa78604709862923189bad94014bef562cc35cf61d3a07bba02a7ed", size = 17950613, upload-time = "2024-02-05T23:56:56.054Z" },
    { url = "https://files.pythonhosted.org/packages/4c/0c/9c603826b6465e82591e05ca230dfc13376da512b25ccd0894709b054ed0/numpy-1.26.4-cp312-cp312-musllinux_1_1_aarch64.whl", hash = "sha256:ab47dbe5cc8210f55aa58e4805fe224dac469cde56b9f731a4c098b91917159a", size = 13572172, upload-time = "2024-02-05T23:57:21.56Z" },
    { url = "https://files.pythonhosted.org/packages/76/8c/2ba3902e1a0fc1c74962ea9bb33a534bb05984ad7ff9515bf8d07527cadd/numpy-1.26.4-cp312-cp312-musllinux_1_1_x86_64.whl", hash = "sha256:1dda2e7b4ec9dd512f84935c5f126c8bd8b9f2fc001e9f54af255e8c5f16b0e0", size = 17786643, upload-time = "2024-02-05T23:57:56.585Z" },
    { url = "https://files.pythonhosted.org/packages/28/4a/46d9e65106879492374999e76eb85f87b15328e06bd1550668f79f7b18c6/numpy-1.26.4-cp312-cp312-win32.whl", hash = "sha256:50193e430acfc1346175fcbdaa28ffec49947a06918b7b92130744e81e640110", size = 5677803, upload-time = "2024-02-05T23:58:08.963Z" },
    { url = "https://files.pythonhosted.org/packages/16/2e/86f24451c2d530c88daf997cb8d6ac622c1d40d19f5a031ed68a4b73a374/numpy-1.26.4-cp312-cp312-win_amd64.whl", hash = "sha256:08beddf13648eb95f8d867350f6a018a4be2e5ad54c8d8caed89ebca558b2818", size = 15517754, upload-time = "2024-02-05T23:58:36.364Z" },
]

[[package]]
name = "ordivon-security"
version = "0.7.0"
source = { editable = "." }

[package.optional-dependencies]
cage = [
    { name = "gym" },
    { name = "gymnasium" },
    { name = "networkx" },
    { name = "numpy" },
    { name = "pettingzoo" },
    { name = "prettytable" },
    { name = "pygame" },
    { name = "pyyaml" },
    { name = "rich" },
    { name = "typing-extensions" },
]

[package.metadata]
requires-dist = [
    { name = "gym", marker = "extra == 'cage'", specifier = "==0.26.2" },
    { name = "gymnasium", marker = "extra == 'cage'", specifier = "==0.28.1" },
    { name = "networkx", marker = "extra == 'cage'", specifier = "==3.2.1" },
    { name = "numpy", marker = "extra == 'cage'", specifier = "==1.26.4" },
    { name = "pettingzoo", marker = "extra == 'cage'", specifier = "==1.24.3" },
    { name = "prettytable", marker = "extra == 'cage'", specifier = "==3.9.0" },
    { name = "pygame", marker = "extra == 'cage'", specifier = "==2.5.2" },
    { name = "pyyaml", marker = "extra == 'cage'", specifier = "==6.0.1" },
    { name = "rich", marker = "extra == 'cage'", specifier = "==15.0.0" },
    { name = "typing-extensions", marker = "extra == 'cage'", specifier = "==4.9.0" },
]
provides-extras = ["cage"]

[[package]]
name = "pettingzoo"
version = "1.24.3"
source = { registry = "https://pypi.org/simple" }
dependencies = [
    { name = "gymnasium" },
    { name = "numpy" },
]
sdist = { url = "https://files.pythonhosted.org/packages/1c/9f/0158a60109ba43e343e16b257ffa5690607b0bccbcdd0feb7b4f07903d85/pettingzoo-1.24.3.tar.gz", hash = "sha256:91f9094f18e06fb74b98f4099cd22e8ae4396125e51719d50b30c9f1c7ab07e6", size = 720284, upload-time = "2024-01-18T17:38:28.007Z" }
wheels = [
    { url = "https://files.pythonhosted.org/packages/c8/4e/eae7b6ecb801573fbec0c76b0fd1dd95bfd1a7fd8770bdd20242044e91f0/pettingzoo-1.24.3-py3-none-any.whl", hash = "sha256:23ed90517d2e8a7098bdaf5e31234b3a7f7b73ca578d70d1ca7b9d0cb0e37982", size = 847753, upload-time = "2024-01-18T17:38:25.555Z" },
]

[[package]]
name = "prettytable"
version = "3.9.0"
source = { registry = "https://pypi.org/simple" }
dependencies = [
    { name = "wcwidth" },
]
sdist = { url = "https://files.pythonhosted.org/packages/e1/c0/5e9c4d2a643a00a6f67578ef35485173de273a4567279e4f0c200c01386b/prettytable-3.9.0.tar.gz", hash = "sha256:f4ed94803c23073a90620b201965e5dc0bccf1760b7a7eaf3158cab8aaffdf34", size = 47874, upload-time = "2023-09-11T14:04:14.548Z" }
wheels = [
    { url = "https://files.pythonhosted.org/packages/4d/81/316b6a55a0d1f327d04cc7b0ba9d04058cb62de6c3a4d4b0df280cbe3b0b/prettytable-3.9.0-py3-none-any.whl", hash = "sha256:a71292ab7769a5de274b146b276ce938786f56c31cf7cea88b6f3775d82fe8c8", size = 27772, upload-time = "2023-09-11T14:03:45.582Z" },
]

[[package]]
name = "pygame"
version = "2.5.2"
source = { registry = "https://pypi.org/simple" }
sdist = { url = "https://files.pythonhosted.org/packages/c6/aa/2c0c867d6cff00966cfc2152b25f61599f87e88b239e4dcb8ad5357f0f69/pygame-2.5.2.tar.gz", hash = "sha256:c1b89eb5d539e7ac5cf75513125fb5f2f0a2d918b1fd6e981f23bf0ac1b1c24a", size = 15788328, upload-time = "2023-09-17T22:27:49.577Z" }
wheels = [
    { url = "https://files.pythonhosted.org/packages/48/05/5fc3ee405cee85308f1dd5c0fb7bd0835256969a22b18a55698ffaf498ac/pygame-2.5.2-cp312-cp312-macosx_10_9_x86_64.whl", hash = "sha256:1a2a43802bb5e89ce2b3b775744e78db4f9a201bf8d059b946c61722840ceea8", size = 12952573, upload-time = "2023-09-24T12:15:40.331Z" },
    { url = "https://files.pythonhosted.org/packages/4c/0b/90b489ae7fc363020d6d18d3e4522b6021f4e0e84fbdd28c1d468c8a8e31/pygame-2.5.2-cp312-cp312-macosx_11_0_arm64.whl", hash = "sha256:1c289f2613c44fe70a1e40769de4a49c5ab5a29b9376f1692bb1a15c9c1c9bfa", size = 12252604, upload-time = "2023-09-24T12:15:47.357Z" },
    { url = "https://files.pythonhosted.org/packages/91/e4/8b7ca2466d1d7e5fb0d22a7e83323dea207d6370abaf0610f7e08faf6b9e/pygame-2.5.2-cp312-cp312-manylinux_2_17_aarch64.manylinux2014_aarch64.whl", hash = "sha256:074aa6c6e110c925f7f27f00c7733c6303407edc61d738882985091d1eb2ef17", size = 13584854, upload-time = "2023-09-17T22:24:26.289Z" },
    { url = "https://files.pythonhosted.org/packages/04/80/10b7b08acade34e70a1f4de76413ae206ebbdba0bb4cbb0bae7031d763f9/pygame-2.5.2-cp312-cp312-manylinux_2_17_i686.manylinux2014_i686.whl", hash = "sha256:fe0228501ec616779a0b9c4299e837877783e18df294dd690b9ab0eed3d8aaab", size = 14268897, upload-time = "2023-09-17T22:47:41.767Z" },
    { url = "https://files.pythonhosted.org/packages/c2/c9/a41e2dc929529c36d1d1a6cf989f7d69225584d8e1b1e85c70d4b4bcb230/pygame-2.5.2-cp312-cp312-manylinux_2_17_x86_64.manylinux2014_x86_64.whl", hash = "sha256:31648d38ecdc2335ffc0e38fb18a84b3339730521505dac68514f83a1092e3f4", size = 13942610, upload-time = "2023-09-17T22:47:44.897Z" },
    { url = "https://files.pythonhosted.org/packages/05/28/5ca545423d6bb55f7ba9d09904c963ced15178f072551629a46b5499d105/pygame-2.5.2-cp312-cp312-win32.whl", hash = "sha256:224c308856334bc792f696e9278e50d099a87c116f7fc314cd6aa3ff99d21592", size = 10387283, upload-time = "2023-09-17T22:13:40.114Z" },
    { url = "https://files.pythonhosted.org/packages/66/57/1311ff5bbd64093795f64c66910bbc12b7c5d83ca95766cce7ba501ff7e7/pygame-2.5.2-cp312-cp312-win_amd64.whl", hash = "sha256:dd2d2650faf54f9a0f5bd0db8409f79609319725f8f08af6507a0609deadcad4", size = 10758801, upload-time = "2023-09-17T22:44:28.205Z" },
]

[[package]]
name = "pygments"
version = "2.20.0"
source = { registry = "https://pypi.org/simple" }
sdist = { url = "https://files.pythonhosted.org/packages/c3/b2/bc9c9196916376152d655522fdcebac55e66de6603a76a02bca1b6414f6c/pygments-2.20.0.tar.gz", hash = "sha256:6757cd03768053ff99f3039c1a36d6c0aa0b263438fcab17520b30a303a82b5f", size = 4955991, upload-time = "2026-03-29T13:29:33.898Z" }
wheels = [
    { url = "https://files.pythonhosted.org/packages/f4/7e/a72dd26f3b0f4f2bf1dd8923c85f7ceb43172af56d63c7383eb62b332364/pygments-2.20.0-py3-none-any.whl", hash = "sha256:81a9e26dd42fd28a23a2d169d86d7ac03b46e2f8b59ed4698fb4785f946d0176", size = 1231151, upload-time = "2026-03-29T13:29:30.038Z" },
]

[[package]]
name = "pyyaml"
version = "6.0.1"
source = { registry = "https://pypi.org/simple" }
sdist = { url = "https://files.pythonhosted.org/packages/cd/e5/af35f7ea75cf72f2cd079c95ee16797de7cd71f29ea7c68ae5ce7be1eda0/PyYAML-6.0.1.tar.gz", hash = "sha256:bfdf460b1736c775f2ba9f6a92bca30bc2095067b8a9d77876d1fad6cc3b4a43", size = 125201, upload-time = "2023-07-18T00:00:23.308Z" }
wheels = [
    { url = "https://files.pythonhosted.org/packages/bc/06/1b305bf6aa704343be85444c9d011f626c763abb40c0edc1cad13bfd7f86/PyYAML-6.0.1-cp312-cp312-macosx_10_9_x86_64.whl", hash = "sha256:855fb52b0dc35af121542a76b9a84f8d1cd886ea97c84703eaa6d88e37a2ad28", size = 178692, upload-time = "2023-08-28T18:43:24.924Z" },
    { url = "https://files.pythonhosted.org/packages/84/02/404de95ced348b73dd84f70e15a41843d817ff8c1744516bf78358f2ffd2/PyYAML-6.0.1-cp312-cp312-macosx_11_0_arm64.whl", hash = "sha256:40df9b996c2b73138957fe23a16a4f0ba614f4c0efce1e9406a184b6d07fa3a9", size = 165622, upload-time = "2023-08-28T18:43:26.54Z" },
    { url = "https://files.pythonhosted.org/packages/c7/4c/4a2908632fc980da6d918b9de9c1d9d7d7e70b2672b1ad5166ed27841ef7/PyYAML-6.0.1-cp312-cp312-manylinux_2_17_aarch64.manylinux2014_aarch64.whl", hash = "sha256:a08c6f0fe150303c1c6b71ebcd7213c2858041a7e01975da3a99aed1e7a378ef", size = 696937, upload-time = "2024-01-18T20:40:22.92Z" },
    { url = "https://files.pythonhosted.org/packages/b4/33/720548182ffa8344418126017aa1d4ab4aeec9a2275f04ce3f3573d8ace8/PyYAML-6.0.1-cp312-cp312-manylinux_2_17_x86_64.manylinux2014_x86_64.whl", hash = "sha256:6c22bec3fbe2524cde73d7ada88f6566758a8f7227bfbf93a408a9d86bcc12a0", size = 724969, upload-time = "2023-08-28T18:43:28.56Z" },
    { url = "https://files.pythonhosted.org/packages/4f/78/77b40157b6cb5f2d3d31a3d9b2efd1ba3505371f76730d267e8b32cf4b7f/PyYAML-6.0.1-cp312-cp312-musllinux_1_1_x86_64.whl", hash = "sha256:8d4e9c88387b0f5c7d5f281e55304de64cf7f9c0021a3525bd3b1c542da3b0e4", size = 712604, upload-time = "2023-08-28T18:43:30.206Z" },
    { url = "https://files.pythonhosted.org/packages/2e/97/3e0e089ee85e840f4b15bfa00e4e63d84a3691ababbfea92d6f820ea6f21/PyYAML-6.0.1-cp312-cp312-win32.whl", hash = "sha256:d483d2cdf104e7c9fa60c544d92981f12ad66a457afae824d146093b8c294c54", size = 126098, upload-time = "2023-08-28T18:43:31.835Z" },
    { url = "https://files.pythonhosted.org/packages/2b/9f/fbade56564ad486809c27b322d0f7e6a89c01f6b4fe208402e90d4443a99/PyYAML-6.0.1-cp312-cp312-win_amd64.whl", hash = "sha256:0d3304d8c0adc42be59c5f8a4d9e3d7379e6955ad754aa9d6ab7a398b59dd1df", size = 138675, upload-time = "2023-08-28T18:43:33.613Z" },
]

[[package]]
name = "rich"
version = "15.0.0"
source = { registry = "https://pypi.org/simple" }
dependencies = [
    { name = "markdown-it-py" },
    { name = "pygments" },
]
sdist = { url = "https://files.pythonhosted.org/packages/c0/8f/0722ca900cc807c13a6a0c696dacf35430f72e0ec571c4275d2371fca3e9/rich-15.0.0.tar.gz", hash = "sha256:edd07a4824c6b40189fb7ac9bc4c52536e9780fbbfbddf6f1e2502c31b068c36", size = 230680, upload-time = "2026-04-12T08:24:00.75Z" }
wheels = [
    { url = "https://files.pythonhosted.org/packages/82/3b/64d4899d73f91ba49a8c18a8ff3f0ea8f1c1d75481760df8c68ef5235bf5/rich-15.0.0-py3-none-any.whl", hash = "sha256:33bd4ef74232fb73fe9279a257718407f169c09b78a87ad3d296f548e27de0bb", size = 310654, upload-time = "2026-04-12T08:24:02.83Z" },
]

[[package]]
name = "typing-extensions"
version = "4.9.0"
source = { registry = "https://pypi.org/simple" }
sdist = { url = "https://files.pythonhosted.org/packages/0c/1d/eb26f5e75100d531d7399ae800814b069bc2ed2a7410834d57374d010d96/typing_extensions-4.9.0.tar.gz", hash = "sha256:23478f88c37f27d76ac8aee6c905017a143b0b1b886c3c9f66bc2fd94f9f5783", size = 74918, upload-time = "2023-12-10T01:14:22.627Z" }
wheels = [
    { url = "https://files.pythonhosted.org/packages/b7/f4/6a90020cd2d93349b442bfcb657d0dc91eee65491600b2cb1d388bc98e6b/typing_extensions-4.9.0-py3-none-any.whl", hash = "sha256:af72aea155e91adfc61c3ae9e0e342dbc0cba726d6cba4b6c72c1f34e47291cd", size = 32750, upload-time = "2023-12-10T01:14:20.617Z" },
]

[[package]]
name = "wcwidth"
version = "0.8.2"
source = { registry = "https://pypi.org/simple" }
sdist = { url = "https://files.pythonhosted.org/packages/34/74/c6428f875774288bec1396f5bfcbc2d925700a4dad61727fd5f2b12f249d/wcwidth-0.8.2.tar.gz", hash = "sha256:91fbef97204b96a3d4d421609b80340b760cf33e26da123ff243d76b1fda8dda", size = 1466253, upload-time = "2026-06-29T18:11:11.601Z" }
wheels = [
    { url = "https://files.pythonhosted.org/packages/96/42/3e5985a0a7e57de470b320c6d6a1a67c844f6737a587f3d44dd13d1819e7/wcwidth-0.8.2-py3-none-any.whl", hash = "sha256:d63947694a0539a1d51e01eda7caf800c291020e6cdd7e28ad7b14dd33ad4f85", size = 323166, upload-time = "2026-06-29T18:11:09.888Z" },
]
